
Microsoft Visual Studio Solution File, Format Version 12.00
# Visual Studio Version 16
VisualStudioVersion = 16.0.30621.155
MinimumVisualStudioVersion = 10.0.40219.1
Project("{FAE04EC0-301F-11D3-BF4B-00C04F79EFBC}") = "Classy", "Classy\Classy.csproj", "{B1F0501E-1830-415E-82D4-91852A38346F}"
EndProject
Global
	GlobalSection(SolutionConfigurationPlatforms) = preSolution
		Debug|Any CPU = Debug|Any CPU
		Release|Any CPU = Release|Any CPU
	EndGlobalSection
	GlobalSection(ProjectConfigurationPlatforms) = postSolution
		{B1F0501E-1830-415E-82D4-91852A38346F}.Debug|Any CPU.ActiveCfg = Debug|Any CPU
		{B1F0501E-1830-415E-82D4-91852A38346F}.Debug|Any CPU.Build.0 = Debug|Any CPU
		{B1F0501E-1830-415E-82D4-91852A38346F}.Release|Any CPU.ActiveCfg = Release|Any CPU
		{B1F0501E-1830-415E-82D4-91852A38346F}.Release|Any CPU.Build.0 = Release|Any CPU
	EndGlobalSection
	GlobalSection(SolutionProperties) = preSolution
		HideSolutionNode = FALSE
	EndGlobalSection
	GlobalSection(ExtensibilityGlobals) = postSolution
		SolutionGuid = {C59026A5-DB39-463B-9A99-5D1F67E16E03}
	EndGlobalSection
EndGlobal
